
Microsoft Visual Studio Solution File, Format Version 12.00
# Visual Studio Version 16
VisualStudioVersion = 16.0.28803.202
MinimumVisualStudioVersion = 10.0.40219.1
Project("{FAE04EC0-301F-11D3-BF4B-00C04F79EFBC}") = "hotel", "hotel\hotel.csproj", "{B0F94F11-F991-4154-BF0A-AB2CE91B43ED}"
EndProject
Global
	GlobalSection(SolutionConfigurationPlatforms) = preSolution
		Debug|Any CPU = Debug|Any CPU
		Release|Any CPU = Release|Any CPU
	EndGlobalSection
	GlobalSection(ProjectConfigurationPlatforms) = postSolution
		{B0F94F11-F991-4154-BF0A-AB2CE91B43ED}.Debug|Any CPU.ActiveCfg = Debug|Any CPU
		{B0F94F11-F991-4154-BF0A-AB2CE91B43ED}.Debug|Any CPU.Build.0 = Debug|Any CPU
		{B0F94F11-F991-4154-BF0A-AB2CE91B43ED}.Release|Any CPU.ActiveCfg = Release|Any CPU
		{B0F94F11-F991-4154-BF0A-AB2CE91B43ED}.Release|Any CPU.Build.0 = Release|Any CPU
	EndGlobalSection
	GlobalSection(SolutionProperties) = preSolution
		HideSolutionNode = FALSE
	EndGlobalSection
	GlobalSection(ExtensibilityGlobals) = postSolution
		SolutionGuid = {15151F54-CA6A-473B-9611-759567E5986D}
	EndGlobalSection
EndGlobal
